schema: '2.0'
stages:
  load_data:
    cmd: python src\load_data.py --config=params.yaml
    deps:
    - path: data_given\bank.csv
      md5: 588378a19f074e7299d974545ded1999
      size: 46442
    - path: src\get_data.py
      md5: b406057a1f8618c869fda4b7a240e97e
      size: 584
    - path: src\load_data.py
      md5: d3df614be09145605d3b0b7c0c7e0777
      size: 479
    outs:
    - path: data\raw\bank.csv
      md5: 42f4ee8080d3ee04ec20ae52a38c68d3
      size: 52197
  split_data:
    cmd: python src\split_data.py --config=params.yaml
    deps:
    - path: data\raw\bank.csv
      md5: 42f4ee8080d3ee04ec20ae52a38c68d3
      size: 52197
    - path: src\split_data.py
      md5: 4bf9c1ed1ce77e98e0e4267377858abb
      size: 935
    outs:
    - path: data\processed\test_bank.csv
      md5: a1da80144866e3e2874a4e823f6e2d95
      size: 10500
    - path: data\processed\train_bank.csv
      md5: 7bdaed95d117d9423b8aed13fe090178
      size: 41760
  train_and_evaluate:
    cmd: python src\train_and_evaluate.py --config=params.yaml
    deps:
    - path: data\processed\test_bank.csv
      md5: a1da80144866e3e2874a4e823f6e2d95
      size: 10500
    - path: data\processed\train_bank.csv
      md5: 7bdaed95d117d9423b8aed13fe090178
      size: 41760
    - path: src\train_and_evaluate.py
      md5: e46ec2bc8517a987a385d96aa2662d20
      size: 1888
    params:
      params.yaml:
        estimators.SVM.C: 0.8
    outs:
    - path: report\params.json
      md5: 377d79954614f660e3fad475b2838e50
      size: 18
    - path: report\scores.json
      md5: 51a7792bad1dbe42130c6530e024c355
      size: 23
    - path: saved_models\model.joblib
      md5: 1679def73f14f3d1cbefcf4b7c528f81
      size: 8765
